// !$*UTF8*$!
{
	archiveVersion = 1;
	classes = {
	};
	objectVersion = 50;
	objects = {

/* Begin PBXBuildFile section */
		1E2BC07121FB0024002B7E8D /* AppDelegate.swift in Sources */ = {isa = PBXBuildFile; fileRef = 1E2BC07021FB0024002B7E8D /* AppDelegate.swift */; };
		1E2BC07321FB0024002B7E8D /* ViewController.swift in Sources */ = {isa = PBXBuildFile; fileRef = 1E2BC07221FB0024002B7E8D /* ViewController.swift */; };
		1E2BC07621FB0024002B7E8D /* Main.storyboard in Resources */ = {isa = PBXBuildFile; fileRef = 1E2BC07421FB0024002B7E8D /* Main.storyboard */; };
		1E2BC07821FB0024002B7E8D /* Assets.xcassets in Resources */ = {isa = PBXBuildFile; fileRef = 1E2BC07721FB0024002B7E8D /* Assets.xcassets */; };
		1E2BC07B21FB0024002B7E8D /* LaunchScreen.storyboard in Resources */ = {isa = PBXBuildFile; fileRef = 1E2BC07921FB0024002B7E8D /* LaunchScreen.storyboard */; };
		1E2BC08621FB0025002B7E8D /* IOSLocalizationTests.swift in Sources */ = {isa = PBXBuildFile; fileRef = 1E2BC08521FB0025002B7E8D /* IOSLocalizationTests.swift */; };
		1E2BC09121FB0025002B7E8D /* IOSLocalizationUITests.swift in Sources */ = {isa = PBXBuildFile; fileRef = 1E2BC09021FB0025002B7E8D /* IOSLocalizationUITests.swift */; };
		1E2BC0A221FB1161002B7E8D /* Localizable.strings in Resources */ = {isa = PBXBuildFile; fileRef = 1E2BC0A421FB1161002B7E8D /* Localizable.strings */; };
/* End PBXBuildFile section */

/* Begin PBXContainerItemProxy section */
		1E2BC08221FB0025002B7E8D /* PBXContainerItemProxy */ = {
			isa = PBXContainerItemProxy;
			containerPortal = 1E2BC06521FB0024002B7E8D /* Project object */;
			proxyType = 1;
			remoteGlobalIDString = 1E2BC06C21FB0024002B7E8D;
			remoteInfo = IOSLocalization;
		};
		1E2BC08D21FB0025002B7E8D /* PBXContainerItemProxy */ = {
			isa = PBXContainerItemProxy;
			containerPortal = 1E2BC06521FB0024002B7E8D /* Project object */;
			proxyType = 1;
			remoteGlobalIDString = 1E2BC06C21FB0024002B7E8D;
			remoteInfo = IOSLocalization;
		};
/* End PBXContainerItemProxy section */

/* Begin PBXFileReference section */
		1E2BC06D21FB0024002B7E8D /* IOSLocalization.app */ = {isa = PBXFileReference; explicitFileType = wrapper.application; includeInIndex = 0; path = IOSLocalization.app; sourceTree = BUILT_PRODUCTS_DIR; };
		1E2BC07021FB0024002B7E8D /* AppDelegate.swift */ = {isa = PBXFileReference; lastKnownFileType = sourcecode.swift; path = AppDelegate.swift; sourceTree = "<group>"; };
		1E2BC07221FB0024002B7E8D /* ViewController.swift */ = {isa = PBXFileReference; lastKnownFileType = sourcecode.swift; path = ViewController.swift; sourceTree = "<group>"; };
		1E2BC07521FB0024002B7E8D /* Base */ = {isa = PBXFileReference; lastKnownFileType = file.storyboard; name = Base; path = Base.lproj/Main.storyboard; sourceTree = "<group>"; };
		1E2BC07721FB0024002B7E8D /* Assets.xcassets */ = {isa = PBXFileReference; lastKnownFileType = folder.assetcatalog; path = Assets.xcassets; sourceTree = "<group>"; };
		1E2BC07A21FB0024002B7E8D /* Base */ = {isa = PBXFileReference; lastKnownFileType = file.storyboard; name = Base; path = Base.lproj/LaunchScreen.storyboard; sourceTree = "<group>"; };
		1E2BC07C21FB0025002B7E8D /* Info.plist */ = {isa = PBXFileReference; lastKnownFileType = text.plist.xml; path = Info.plist; sourceTree = "<group>"; };
		1E2BC08121FB0025002B7E8D /* IOSLocalizationTests.xctest */ = {isa = PBXFileReference; explicitFileType = wrapper.cfbundle; includeInIndex = 0; path = IOSLocalizationTests.xctest; sourceTree = BUILT_PRODUCTS_DIR; };
		1E2BC08521FB0025002B7E8D /* IOSLocalizationTests.swift */ = {isa = PBXFileReference; lastKnownFileType = sourcecode.swift; path = IOSLocalizationTests.swift; sourceTree = "<group>"; };
		1E2BC08721FB0025002B7E8D /* Info.plist */ = {isa = PBXFileReference; lastKnownFileType = text.plist.xml; path = Info.plist; sourceTree = "<group>"; };
		1E2BC08C21FB0025002B7E8D /* IOSLocalizationUITests.xctest */ = {isa = PBXFileReference; explicitFileType = wrapper.cfbundle; includeInIndex = 0; path = IOSLocalizationUITests.xctest; sourceTree = BUILT_PRODUCTS_DIR; };
		1E2BC09021FB0025002B7E8D /* IOSLocalizationUITests.swift */ = {isa = PBXFileReference; lastKnownFileType = sourcecode.swift; path = IOSLocalizationUITests.swift; sourceTree = "<group>"; };
		1E2BC09221FB0025002B7E8D /* Info.plist */ = {isa = PBXFileReference; lastKnownFileType = text.plist.xml; path = Info.plist; sourceTree = "<group>"; };
		1E2BC09E21FB0496002B7E8D /* sv */ = {isa = PBXFileReference; lastKnownFileType = text.plist.strings; name = sv; path = sv.lproj/Main.strings; sourceTree = "<group>"; };
		1E2BC09F21FB0496002B7E8D /* sv */ = {isa = PBXFileReference; lastKnownFileType = text.plist.strings; name = sv; path = sv.lproj/LaunchScreen.strings; sourceTree = "<group>"; };
		1E2BC0A321FB1161002B7E8D /* en */ = {isa = PBXFileReference; lastKnownFileType = text.plist.strings; name = en; path = en.lproj/Localizable.strings; sourceTree = "<group>"; };
		1E2BC0A521FB1182002B7E8D /* sv */ = {isa = PBXFileReference; lastKnownFileType = text.plist.strings; name = sv; path = sv.lproj/Localizable.strings; sourceTree = "<group>"; };
/* End PBXFileReference section */

/* Begin PBXFrameworksBuildPhase section */
		1E2BC06A21FB0024002B7E8D /* Frameworks */ = {
			isa = PBXFrameworksBuildPhase;
			buildActionMask = 2147483647;
			files = (
			);
			runOnlyForDeploymentPostprocessing = 0;
		};
		1E2BC07E21FB0025002B7E8D /* Frameworks */ = {
			isa = PBXFrameworksBuildPhase;
			buildActionMask = 2147483647;
			files = (
			);
			runOnlyForDeploymentPostprocessing = 0;
		};
		1E2BC08921FB0025002B7E8D /* Frameworks */ = {
			isa = PBXFrameworksBuildPhase;
			buildActionMask = 2147483647;
			files = (
			);
			runOnlyForDeploymentPostprocessing = 0;
		};
/* End PBXFrameworksBuildPhase section */

/* Begin PBXGroup section */
		1E2BC06421FB0024002B7E8D = {
			isa = PBXGroup;
			children = (
				1E2BC0A421FB1161002B7E8D /* Localizable.strings */,
				1E2BC06F21FB0024002B7E8D /* IOSLocalization */,
				1E2BC08421FB0025002B7E8D /* IOSLocalizationTests */,
				1E2BC08F21FB0025002B7E8D /* IOSLocalizationUITests */,
				1E2BC06E21FB0024002B7E8D /* Products */,
			);
			sourceTree = "<group>";
		};
		1E2BC06E21FB0024002B7E8D /* Products */ = {
			isa = PBXGroup;
			children = (
				1E2BC06D21FB0024002B7E8D /* IOSLocalization.app */,
				1E2BC08121FB0025002B7E8D /* IOSLocalizationTests.xctest */,
				1E2BC08C21FB0025002B7E8D /* IOSLocalizationUITests.xctest */,
			);
			name = Products;
			sourceTree = "<group>";
		};
		1E2BC06F21FB0024002B7E8D /* IOSLocalization */ = {
			isa = PBXGroup;
			children = (
				1E2BC07021FB0024002B7E8D /* AppDelegate.swift */,
				1E2BC07221FB0024002B7E8D /* ViewController.swift */,
				1E2BC07421FB0024002B7E8D /* Main.storyboard */,
				1E2BC07721FB0024002B7E8D /* Assets.xcassets */,
				1E2BC07921FB0024002B7E8D /* LaunchScreen.storyboard */,
				1E2BC07C21FB0025002B7E8D /* Info.plist */,
			);
			path = IOSLocalization;
			sourceTree = "<group>";
		};
		1E2BC08421FB0025002B7E8D /* IOSLocalizationTests */ = {
			isa = PBXGroup;
			children = (
				1E2BC08521FB0025002B7E8D /* IOSLocalizationTests.swift */,
				1E2BC08721FB0025002B7E8D /* Info.plist */,
			);
			path = IOSLocalizationTests;
			sourceTree = "<group>";
		};
		1E2BC08F21FB0025002B7E8D /* IOSLocalizationUITests */ = {
			isa = PBXGroup;
			children = (
				1E2BC09021FB0025002B7E8D /* IOSLocalizationUITests.swift */,
				1E2BC09221FB0025002B7E8D /* Info.plist */,
			);
			path = IOSLocalizationUITests;
			sourceTree = "<group>";
		};
/* End PBXGroup section */

/* Begin PBXNativeTarget section */
		1E2BC06C21FB0024002B7E8D /* IOSLocalization */ = {
			isa = PBXNativeTarget;
			buildConfigurationList = 1E2BC09521FB0025002B7E8D /* Build configuration list for PBXNativeTarget "IOSLocalization" */;
			buildPhases = (
				1E2BC06921FB0024002B7E8D /* Sources */,
				1E2BC06A21FB0024002B7E8D /* Frameworks */,
				1E2BC06B21FB0024002B7E8D /* Resources */,
			);
			buildRules = (
			);
			dependencies = (
			);
			name = IOSLocalization;
			productName = IOSLocalization;
			productReference = 1E2BC06D21FB0024002B7E8D /* IOSLocalization.app */;
			productType = "com.apple.product-type.application";
		};
		1E2BC08021FB0025002B7E8D /* IOSLocalizationTests */ = {
			isa = PBXNativeTarget;
			buildConfigurationList = 1E2BC09821FB0025002B7E8D /* Build configuration list for PBXNativeTarget "IOSLocalizationTests" */;
			buildPhases = (
				1E2BC07D21FB0025002B7E8D /* Sources */,
				1E2BC07E21FB0025002B7E8D /* Frameworks */,
				1E2BC07F21FB0025002B7E8D /* Resources */,
			);
			buildRules = (
			);
			dependencies = (
				1E2BC08321FB0025002B7E8D /* PBXTargetDependency */,
			);
			name = IOSLocalizationTests;
			productName = IOSLocalizationTests;
			productReference = 1E2BC08121FB0025002B7E8D /* IOSLocalizationTests.xctest */;
			productType = "com.apple.product-type.bundle.unit-test";
		};
		1E2BC08B21FB0025002B7E8D /* IOSLocalizationUITests */ = {
			isa = PBXNativeTarget;
			buildConfigurationList = 1E2BC09B21FB0025002B7E8D /* Build configuration list for PBXNativeTarget "IOSLocalizationUITests" */;
			buildPhases = (
				1E2BC08821FB0025002B7E8D /* Sources */,
				1E2BC08921FB0025002B7E8D /* Frameworks */,
				1E2BC08A21FB0025002B7E8D /* Resources */,
			);
			buildRules = (
			);
			dependencies = (
				1E2BC08E21FB0025002B7E8D /* PBXTargetDependency */,
			);
			name = IOSLocalizationUITests;
			productName = IOSLocalizationUITests;
			productReference = 1E2BC08C21FB0025002B7E8D /* IOSLocalizationUITests.xctest */;
			productType = "com.apple.product-type.bundle.ui-testing";
		};
/* End PBXNativeTarget section */

/* Begin PBXProject section */
		1E2BC06521FB0024002B7E8D /* Project object */ = {
			isa = PBXProject;
			attributes = {
				LastSwiftUpdateCheck = 1010;
				LastUpgradeCheck = 1010;
				ORGANIZATIONNAME = "Björn Åhström";
				TargetAttributes = {
					1E2BC06C21FB0024002B7E8D = {
						CreatedOnToolsVersion = 10.1;
					};
					1E2BC08021FB0025002B7E8D = {
						CreatedOnToolsVersion = 10.1;
						TestTargetID = 1E2BC06C21FB0024002B7E8D;
					};
					1E2BC08B21FB0025002B7E8D = {
						CreatedOnToolsVersion = 10.1;
						TestTargetID = 1E2BC06C21FB0024002B7E8D;
					};
				};
			};
			buildConfigurationList = 1E2BC06821FB0024002B7E8D /* Build configuration list for PBXProject "IOSLocalization" */;
			compatibilityVersion = "Xcode 9.3";
			developmentRegion = en;
			hasScannedForEncodings = 0;
			knownRegions = (
				en,
				Base,
				sv,
			);
			mainGroup = 1E2BC06421FB0024002B7E8D;
			productRefGroup = 1E2BC06E21FB0024002B7E8D /* Products */;
			projectDirPath = "";
			projectRoot = "";
			targets = (
				1E2BC06C21FB0024002B7E8D /* IOSLocalization */,
				1E2BC08021FB0025002B7E8D /* IOSLocalizationTests */,
				1E2BC08B21FB0025002B7E8D /* IOSLocalizationUITests */,
			);
		};
/* End PBXProject section */

/* Begin PBXResourcesBuildPhase section */
		1E2BC06B21FB0024002B7E8D /* Resources */ = {
			isa = PBXResourcesBuildPhase;
			buildActionMask = 2147483647;
			files = (
				1E2BC07B21FB0024002B7E8D /* LaunchScreen.storyboard in Resources */,
				1E2BC0A221FB1161002B7E8D /* Localizable.strings in Resources */,
				1E2BC07821FB0024002B7E8D /* Assets.xcassets in Resources */,
				1E2BC07621FB0024002B7E8D /* Main.storyboard in Resources */,
			);
			runOnlyForDeploymentPostprocessing = 0;
		};
		1E2BC07F21FB0025002B7E8D /* Resources */ = {
			isa = PBXResourcesBuildPhase;
			buildActionMask = 2147483647;
			files = (
			);
			runOnlyForDeploymentPostprocessing = 0;
		};
		1E2BC08A21FB0025002B7E8D /* Resources */ = {
			isa = PBXResourcesBuildPhase;
			buildActionMask = 2147483647;
			files = (
			);
			runOnlyForDeploymentPostprocessing = 0;
		};
/* End PBXResourcesBuildPhase section */

/* Begin PBXSourcesBuildPhase section */
		1E2BC06921FB0024002B7E8D /* Sources */ = {
			isa = PBXSourcesBuildPhase;
			buildActionMask = 2147483647;
			files = (
				1E2BC07321FB0024002B7E8D /* ViewController.swift in Sources */,
				1E2BC07121FB0024002B7E8D /* AppDelegate.swift in Sources */,
			);
			runOnlyForDeploymentPostprocessing = 0;
		};
		1E2BC07D21FB0025002B7E8D /* Sources */ = {
			isa = PBXSourcesBuildPhase;
			buildActionMask = 2147483647;
			files = (
				1E2BC08621FB0025002B7E8D /* IOSLocalizationTests.swift in Sources */,
			);
			runOnlyForDeploymentPostprocessing = 0;
		};
		1E2BC08821FB0025002B7E8D /* Sources */ = {
			isa = PBXSourcesBuildPhase;
			buildActionMask = 2147483647;
			files = (
				1E2BC09121FB0025002B7E8D /* IOSLocalizationUITests.swift in Sources */,
			);
			runOnlyForDeploymentPostprocessing = 0;
		};
/* End PBXSourcesBuildPhase section */

/* Begin PBXTargetDependency section */
		1E2BC08321FB0025002B7E8D /* PBXTargetDependency */ = {
			isa = PBXTargetDependency;
			target = 1E2BC06C21FB0024002B7E8D /* IOSLocalization */;
			targetProxy = 1E2BC08221FB0025002B7E8D /* PBXContainerItemProxy */;
		};
		1E2BC08E21FB0025002B7E8D /* PBXTargetDependency */ = {
			isa = PBXTargetDependency;
			target = 1E2BC06C21FB0024002B7E8D /* IOSLocalization */;
			targetProxy = 1E2BC08D21FB0025002B7E8D /* PBXContainerItemProxy */;
		};
/* End PBXTargetDependency section */

/* Begin PBXVariantGroup section */
		1E2BC07421FB0024002B7E8D /* Main.storyboard */ = {
			isa = PBXVariantGroup;
			children = (
				1E2BC07521FB0024002B7E8D /* Base */,
				1E2BC09E21FB0496002B7E8D /* sv */,
			);
			name = Main.storyboard;
			sourceTree = "<group>";
		};
		1E2BC07921FB0024002B7E8D /* LaunchScreen.storyboard */ = {
			isa = PBXVariantGroup;
			children = (
				1E2BC07A21FB0024002B7E8D /* Base */,
				1E2BC09F21FB0496002B7E8D /* sv */,
			);
			name = LaunchScreen.storyboard;
			sourceTree = "<group>";
		};
		1E2BC0A421FB1161002B7E8D /* Localizable.strings */ = {
			isa = PBXVariantGroup;
			children = (
				1E2BC0A321FB1161002B7E8D /* en */,
				1E2BC0A521FB1182002B7E8D /* sv */,
			);
			name = Localizable.strings;
			sourceTree = "<group>";
		};
/* End PBXVariantGroup section */

/* Begin XCBuildConfiguration section */
		1E2BC09321FB0025002B7E8D /* Debug */ = {
			isa = XCBuildConfiguration;
			buildSettings = {
				ALWAYS_SEARCH_USER_PATHS = NO;
				CLANG_ANALYZER_LOCALIZABILITY_NONLOCALIZED = YES;
				CLANG_ANALYZER_NONNULL = YES;
				CLANG_ANALYZER_NUMBER_OBJECT_CONVERSION = YES_AGGRESSIVE;
				CLANG_CXX_LANGUAGE_STANDARD = "gnu++14";
				CLANG_CXX_LIBRARY = "libc++";
				CLANG_ENABLE_MODULES = YES;
				CLANG_ENABLE_OBJC_ARC = YES;
				CLANG_ENABLE_OBJC_WEAK = YES;
				CLANG_WARN_BLOCK_CAPTURE_AUTORELEASING = YES;
				CLANG_WARN_BOOL_CONVERSION = YES;
				CLANG_WARN_COMMA = YES;
				CLANG_WARN_CONSTANT_CONVERSION = YES;
				CLANG_WARN_DEPRECATED_OBJC_IMPLEMENTATIONS = YES;
				CLANG_WARN_DIRECT_OBJC_ISA_USAGE = YES_ERROR;
				CLANG_WARN_DOCUMENTATION_COMMENTS = YES;
				CLANG_WARN_EMPTY_BODY = YES;
				CLANG_WARN_ENUM_CONVERSION = YES;
				CLANG_WARN_INFINITE_RECURSION = YES;
				CLANG_WARN_INT_CONVERSION = YES;
				CLANG_WARN_NON_LITERAL_NULL_CONVERSION = YES;
				CLANG_WARN_OBJC_IMPLICIT_RETAIN_SELF = YES;
				CLANG_WARN_OBJC_LITERAL_CONVERSION = YES;
				CLANG_WARN_OBJC_ROOT_CLASS = YES_ERROR;
				CLANG_WARN_RANGE_LOOP_ANALYSIS = YES;
				CLANG_WARN_STRICT_PROTOTYPES = YES;
				CLANG_WARN_SUSPICIOUS_MOVE = YES;
				CLANG_WARN_UNGUARDED_AVAILABILITY = YES_AGGRESSIVE;
				CLANG_WARN_UNREACHABLE_CODE = YES;
				CLANG_WARN__DUPLICATE_METHOD_MATCH = YES;
				CODE_SIGN_IDENTITY = "iPhone Developer";
				COPY_PHASE_STRIP = NO;
				DEBUG_INFORMATION_FORMAT = dwarf;
				ENABLE_STRICT_OBJC_MSGSEND = YES;
				ENABLE_TESTABILITY = YES;
				GCC_C_LANGUAGE_STANDARD = gnu11;
				GCC_DYNAMIC_NO_PIC = NO;
				GCC_NO_COMMON_BLOCKS = YES;
				GCC_OPTIMIZATION_LEVEL = 0;
				GCC_PREPROCESSOR_DEFINITIONS = (
					"DEBUG=1",
					"$(inherited)",
				);
				GCC_WARN_64_TO_32_BIT_CONVERSION = YES;
				GCC_WARN_ABOUT_RETURN_TYPE = YES_ERROR;
				GCC_WARN_UNDECLARED_SELECTOR = YES;
				GCC_WARN_UNINITIALIZED_AUTOS = YES_AGGRESSIVE;
				GCC_WARN_UNUSED_FUNCTION = YES;
				GCC_WARN_UNUSED_VARIABLE = YES;
				IPHONEOS_DEPLOYMENT_TARGET = 12.1;
				MTL_ENABLE_DEBUG_INFO = INCLUDE_SOURCE;
				MTL_FAST_MATH = YES;
				ONLY_ACTIVE_ARCH = YES;
				SDKROOT = iphoneos;
				SWIFT_ACTIVE_COMPILATION_CONDITIONS = DEBUG;
				SWIFT_OPTIMIZATION_LEVEL = "-Onone";
			};
			name = Debug;
		};
		1E2BC09421FB0025002B7E8D /* Release */ = {
			isa = XCBuildConfiguration;
			buildSettings = {
				ALWAYS_SEARCH_USER_PATHS = NO;
				CLANG_ANALYZER_LOCALIZABILITY_NONLOCALIZED = YES;
				CLANG_ANALYZER_NONNULL = YES;
				CLANG_ANALYZER_NUMBER_OBJECT_CONVERSION = YES_AGGRESSIVE;
				CLANG_CXX_LANGUAGE_STANDARD = "gnu++14";
				CLANG_CXX_LIBRARY = "libc++";
				CLANG_ENABLE_MODULES = YES;
				CLANG_ENABLE_OBJC_ARC = YES;
				CLANG_ENABLE_OBJC_WEAK = YES;
				CLANG_WARN_BLOCK_CAPTURE_AUTORELEASING = YES;
				CLANG_WARN_BOOL_CONVERSION = YES;
				CLANG_WARN_COMMA = YES;
				CLANG_WARN_CONSTANT_CONVERSION = YES;
				CLANG_WARN_DEPRECATED_OBJC_IMPLEMENTATIONS = YES;
				CLANG_WARN_DIRECT_OBJC_ISA_USAGE = YES_ERROR;
				CLANG_WARN_DOCUMENTATION_COMMENTS = YES;
				CLANG_WARN_EMPTY_BODY = YES;
				CLANG_WARN_ENUM_CONVERSION = YES;
				CLANG_WARN_INFINITE_RECURSION = YES;
				CLANG_WARN_INT_CONVERSION = YES;
				CLANG_WARN_NON_LITERAL_NULL_CONVERSION = YES;
				CLANG_WARN_OBJC_IMPLICIT_RETAIN_SELF = YES;
				CLANG_WARN_OBJC_LITERAL_CONVERSION = YES;
				CLANG_WARN_OBJC_ROOT_CLASS = YES_ERROR;
				CLANG_WARN_RANGE_LOOP_ANALYSIS = YES;
				CLANG_WARN_STRICT_PROTOTYPES = YES;
				CLANG_WARN_SUSPICIOUS_MOVE = YES;
				CLANG_WARN_UNGUARDED_AVAILABILITY = YES_AGGRESSIVE;
				CLANG_WARN_UNREACHABLE_CODE = YES;
				CLANG_WARN__DUPLICATE_METHOD_MATCH = YES;
				CODE_SIGN_IDENTITY = "iPhone Developer";
				COPY_PHASE_STRIP = NO;
				DEBUG_INFORMATION_FORMAT = "dwarf-with-dsym";
				ENABLE_NS_ASSERTIONS = NO;
				ENABLE_STRICT_OBJC_MSGSEND = YES;
				GCC_C_LANGUAGE_STANDARD = gnu11;
				GCC_NO_COMMON_BLOCKS = YES;
				GCC_WARN_64_TO_32_BIT_CONVERSION = YES;
				GCC_WARN_ABOUT_RETURN_TYPE = YES_ERROR;
				GCC_WARN_UNDECLARED_SELECTOR = YES;
				GCC_WARN_UNINITIALIZED_AUTOS = YES_AGGRESSIVE;
				GCC_WARN_UNUSED_FUNCTION = YES;
				GCC_WARN_UNUSED_VARIABLE = YES;
				IPHONEOS_DEPLOYMENT_TARGET = 12.1;
				MTL_ENABLE_DEBUG_INFO = NO;
				MTL_FAST_MATH = YES;
				SDKROOT = iphoneos;
				SWIFT_COMPILATION_MODE = wholemodule;
				SWIFT_OPTIMIZATION_LEVEL = "-O";
				VALIDATE_PRODUCT = YES;
			};
			name = Release;
		};
		1E2BC09621FB0025002B7E8D /* Debug */ = {
			isa = XCBuildConfiguration;
			buildSettings = {
				ASSETCATALOG_COMPILER_APPICON_NAME = AppIcon;
				CODE_SIGN_STYLE = Automatic;
				DEVELOPMENT_TEAM = 7B6WJG7GD8;
				INFOPLIST_FILE = IOSLocalization/Info.plist;
				LD_RUNPATH_SEARCH_PATHS = (
					"$(inherited)",
					"@executable_path/Frameworks",
				);
				PRODUCT_BUNDLE_IDENTIFIER = se.Bjorn.Ahstrom.IOSLocalization;
				PRODUCT_NAME = "$(TARGET_NAME)";
				SWIFT_VERSION = 4.2;
				TARGETED_DEVICE_FAMILY = "1,2";
			};
			name = Debug;
		};
		1E2BC09721FB0025002B7E8D /* Release */ = {
			isa = XCBuildConfiguration;
			buildSettings = {
				ASSETCATALOG_COMPILER_APPICON_NAME = AppIcon;
				CODE_SIGN_STYLE = Automatic;
				DEVELOPMENT_TEAM = 7B6WJG7GD8;
				INFOPLIST_FILE = IOSLocalization/Info.plist;
				LD_RUNPATH_SEARCH_PATHS = (
					"$(inherited)",
					"@executable_path/Frameworks",
				);
				PRODUCT_BUNDLE_IDENTIFIER = se.Bjorn.Ahstrom.IOSLocalization;
				PRODUCT_NAME = "$(TARGET_NAME)";
				SWIFT_VERSION = 4.2;
				TARGETED_DEVICE_FAMILY = "1,2";
			};
			name = Release;
		};
		1E2BC09921FB0025002B7E8D /* Debug */ = {
			isa = XCBuildConfiguration;
			buildSettings = {
				ALWAYS_EMBED_SWIFT_STANDARD_LIBRARIES = YES;
				BUNDLE_LOADER = "$(TEST_HOST)";
				CODE_SIGN_STYLE = Automatic;
				DEVELOPMENT_TEAM = 7B6WJG7GD8;
				INFOPLIST_FILE = IOSLocalizationTests/Info.plist;
				LD_RUNPATH_SEARCH_PATHS = (
					"$(inherited)",
					"@executable_path/Frameworks",
					"@loader_path/Frameworks",
				);
				PRODUCT_BUNDLE_IDENTIFIER = se.Bjorn.Ahstrom.IOSLocalizationTests;
				PRODUCT_NAME = "$(TARGET_NAME)";
				SWIFT_VERSION = 4.2;
				TARGETED_DEVICE_FAMILY = "1,2";
				TEST_HOST = "$(BUILT_PRODUCTS_DIR)/IOSLocalization.app/IOSLocalization";
			};
			name = Debug;
		};
		1E2BC09A21FB0025002B7E8D /* Release */ = {
			isa = XCBuildConfiguration;
			buildSettings = {
				ALWAYS_EMBED_SWIFT_STANDARD_LIBRARIES = YES;
				BUNDLE_LOADER = "$(TEST_HOST)";
				CODE_SIGN_STYLE = Automatic;
				DEVELOPMENT_TEAM = 7B6WJG7GD8;
				INFOPLIST_FILE = IOSLocalizationTests/Info.plist;
				LD_RUNPATH_SEARCH_PATHS = (
					"$(inherited)",
					"@executable_path/Frameworks",
					"@loader_path/Frameworks",
				);
				PRODUCT_BUNDLE_IDENTIFIER = se.Bjorn.Ahstrom.IOSLocalizationTests;
				PRODUCT_NAME = "$(TARGET_NAME)";
				SWIFT_VERSION = 4.2;
				TARGETED_DEVICE_FAMILY = "1,2";
				TEST_HOST = "$(BUILT_PRODUCTS_DIR)/IOSLocalization.app/IOSLocalization";
			};
			name = Release;
		};
		1E2BC09C21FB0025002B7E8D /* Debug */ = {
			isa = XCBuildConfiguration;
			buildSettings = {
				ALWAYS_EMBED_SWIFT_STANDARD_LIBRARIES = YES;
				CODE_SIGN_STYLE = Automatic;
				DEVELOPMENT_TEAM = 7B6WJG7GD8;
				INFOPLIST_FILE = IOSLocalizationUITests/Info.plist;
				LD_RUNPATH_SEARCH_PATHS = (
					"$(inherited)",
					"@executable_path/Frameworks",
					"@loader_path/Frameworks",
				);
				PRODUCT_BUNDLE_IDENTIFIER = se.Bjorn.Ahstrom.IOSLocalizationUITests;
				PRODUCT_NAME = "$(TARGET_NAME)";
				SWIFT_VERSION = 4.2;
				TARGETED_DEVICE_FAMILY = "1,2";
				TEST_TARGET_NAME = IOSLocalization;
			};
			name = Debug;
		};
		1E2BC09D21FB0025002B7E8D /* Release */ = {
			isa = XCBuildConfiguration;
			buildSettings = {
				ALWAYS_EMBED_SWIFT_STANDARD_LIBRARIES = YES;
				CODE_SIGN_STYLE = Automatic;
				DEVELOPMENT_TEAM = 7B6WJG7GD8;
				INFOPLIST_FILE = IOSLocalizationUITests/Info.plist;
				LD_RUNPATH_SEARCH_PATHS = (
					"$(inherited)",
					"@executable_path/Frameworks",
					"@loader_path/Frameworks",
				);
				PRODUCT_BUNDLE_IDENTIFIER = se.Bjorn.Ahstrom.IOSLocalizationUITests;
				PRODUCT_NAME = "$(TARGET_NAME)";
				SWIFT_VERSION = 4.2;
				TARGETED_DEVICE_FAMILY = "1,2";
				TEST_TARGET_NAME = IOSLocalization;
			};
			name = Release;
		};
/* End XCBuildConfiguration section */

/* Begin XCConfigurationList section */
		1E2BC06821FB0024002B7E8D /* Build configuration list for PBXProject "IOSLocalization" */ = {
			isa = XCConfigurationList;
			buildConfigurations = (
				1E2BC09321FB0025002B7E8D /* Debug */,
				1E2BC09421FB0025002B7E8D /* Release */,
			);
			defaultConfigurationIsVisible = 0;
			defaultConfigurationName = Release;
		};
		1E2BC09521FB0025002B7E8D /* Build configuration list for PBXNativeTarget "IOSLocalization" */ = {
			isa = XCConfigurationList;
			buildConfigurations = (
				1E2BC09621FB0025002B7E8D /* Debug */,
				1E2BC09721FB0025002B7E8D /* Release */,
			);
			defaultConfigurationIsVisible = 0;
			defaultConfigurationName = Release;
		};
		1E2BC09821FB0025002B7E8D /* Build configuration list for PBXNativeTarget "IOSLocalizationTests" */ = {
			isa = XCConfigurationList;
			buildConfigurations = (
				1E2BC09921FB0025002B7E8D /* Debug */,
				1E2BC09A21FB0025002B7E8D /* Release */,
			);
			defaultConfigurationIsVisible = 0;
			defaultConfigurationName = Release;
		};
		1E2BC09B21FB0025002B7E8D /* Build configuration list for PBXNativeTarget "IOSLocalizationUITests" */ = {
			isa = XCConfigurationList;
			buildConfigurations = (
				1E2BC09C21FB0025002B7E8D /* Debug */,
				1E2BC09D21FB0025002B7E8D /* Release */,
			);
			defaultConfigurationIsVisible = 0;
			defaultConfigurationName = Release;
		};
/* End XCConfigurationList section */
	};
	rootObject = 1E2BC06521FB0024002B7E8D /* Project object */;
}
